
Microsoft Visual Studio Solution File, Format Version 12.00
# Visual Studio Version 17
VisualStudioVersion = 17.3.32929.385
MinimumVisualStudioVersion = 10.0.40219.1
Project("{FAE04EC0-301F-11D3-BF4B-00C04F79EFBC}") = "CRM", "CRM\CRM.csproj", "{417D9D45-F1EA-427A-A5E5-B61606623C48}"
EndProject
Project("{FAE04EC0-301F-11D3-BF4B-00C04F79EFBC}") = "CRM.DAL", "CRM.DAL\CRM.DAL.csproj", "{175BBC94-82EA-462B-AA4C-4D0E63024649}"
EndProject
Project("{FAE04EC0-301F-11D3-BF4B-00C04F79EFBC}") = "CRM.BL", "CRM.BL\CRM.BL.csproj", "{C0BD5986-2EB5-4AE6-8801-86832535E043}"
EndProject
Project("{FAE04EC0-301F-11D3-BF4B-00C04F79EFBC}") = "CRM.Core", "CRM.Core\CRM.Core.csproj", "{92BE092B-1779-4769-BC2E-21CEE7376456}"
EndProject
Project("{FAE04EC0-301F-11D3-BF4B-00C04F79EFBC}") = "CRM.IOC", "CRM.IOC\CRM.IOC.csproj", "{568640F2-996A-4695-AC6B-122691486861}"
EndProject
Global
	GlobalSection(SolutionConfigurationPlatforms) = preSolution
		Debug|Any CPU = Debug|Any CPU
		Release|Any CPU = Release|Any CPU
	EndGlobalSection
	GlobalSection(ProjectConfigurationPlatforms) = postSolution
		{417D9D45-F1EA-427A-A5E5-B61606623C48}.Debug|Any CPU.ActiveCfg = Debug|Any CPU
		{417D9D45-F1EA-427A-A5E5-B61606623C48}.Debug|Any CPU.Build.0 = Debug|Any CPU
		{417D9D45-F1EA-427A-A5E5-B61606623C48}.Release|Any CPU.ActiveCfg = Release|Any CPU
		{417D9D45-F1EA-427A-A5E5-B61606623C48}.Release|Any CPU.Build.0 = Release|Any CPU
		{175BBC94-82EA-462B-AA4C-4D0E63024649}.Debug|Any CPU.ActiveCfg = Debug|Any CPU
		{175BBC94-82EA-462B-AA4C-4D0E63024649}.Debug|Any CPU.Build.0 = Debug|Any CPU
		{175BBC94-82EA-462B-AA4C-4D0E63024649}.Release|Any CPU.ActiveCfg = Release|Any CPU
		{175BBC94-82EA-462B-AA4C-4D0E63024649}.Release|Any CPU.Build.0 = Release|Any CPU
		{C0BD5986-2EB5-4AE6-8801-86832535E043}.Debug|Any CPU.ActiveCfg = Debug|Any CPU
		{C0BD5986-2EB5-4AE6-8801-86832535E043}.Debug|Any CPU.Build.0 = Debug|Any CPU
		{C0BD5986-2EB5-4AE6-8801-86832535E043}.Release|Any CPU.ActiveCfg = Release|Any CPU
		{C0BD5986-2EB5-4AE6-8801-86832535E043}.Release|Any CPU.Build.0 = Release|Any CPU
		{92BE092B-1779-4769-BC2E-21CEE7376456}.Debug|Any CPU.ActiveCfg = Debug|Any CPU
		{92BE092B-1779-4769-BC2E-21CEE7376456}.Debug|Any CPU.Build.0 = Debug|Any CPU
		{92BE092B-1779-4769-BC2E-21CEE7376456}.Release|Any CPU.ActiveCfg = Release|Any CPU
		{92BE092B-1779-4769-BC2E-21CEE7376456}.Release|Any CPU.Build.0 = Release|Any CPU
		{568640F2-996A-4695-AC6B-122691486861}.Debug|Any CPU.ActiveCfg = Debug|Any CPU
		{568640F2-996A-4695-AC6B-122691486861}.Debug|Any CPU.Build.0 = Debug|Any CPU
		{568640F2-996A-4695-AC6B-122691486861}.Release|Any CPU.ActiveCfg = Release|Any CPU
		{568640F2-996A-4695-AC6B-122691486861}.Release|Any CPU.Build.0 = Release|Any CPU
	EndGlobalSection
	GlobalSection(SolutionProperties) = preSolution
		HideSolutionNode = FALSE
	EndGlobalSection
	GlobalSection(ExtensibilityGlobals) = postSolution
		SolutionGuid = {FE64F7EA-BDBB-4294-972E-6A7E8EFF3CC1}
	EndGlobalSection
EndGlobal
